
Microsoft Visual Studio Solution File, Format Version 12.00
# Visual Studio Version 16
VisualStudioVersion = 16.0.31402.337
MinimumVisualStudioVersion = 10.0.40219.1
Project("{FAE04EC0-301F-11D3-BF4B-00C04F79EFBC}") = "Tailwind2", "Tailwind2\Tailwind2.csproj", "{51EECE7E-CD06-4A05-A745-CDC159D3D9AD}"
EndProject
Global
	GlobalSection(SolutionConfigurationPlatforms) = preSolution
		Debug|Any CPU = Debug|Any CPU
		Release|Any CPU = Release|Any CPU
	EndGlobalSection
	GlobalSection(ProjectConfigurationPlatforms) = postSolution
		{51EECE7E-CD06-4A05-A745-CDC159D3D9AD}.Debug|Any CPU.ActiveCfg = Debug|Any CPU
		{51EECE7E-CD06-4A05-A745-CDC159D3D9AD}.Debug|Any CPU.Build.0 = Debug|Any CPU
		{51EECE7E-CD06-4A05-A745-CDC159D3D9AD}.Release|Any CPU.ActiveCfg = Release|Any CPU
		{51EECE7E-CD06-4A05-A745-CDC159D3D9AD}.Release|Any CPU.Build.0 = Release|Any CPU
	EndGlobalSection
	GlobalSection(SolutionProperties) = preSolution
		HideSolutionNode = FALSE
	EndGlobalSection
	GlobalSection(ExtensibilityGlobals) = postSolution
		SolutionGuid = {4B6085A1-E83A-4DB7-A340-62B238B4942F}
	EndGlobalSection
EndGlobal
